
Microsoft Visual Studio Solution File, Format Version 12.00
# Visual Studio Version 17
VisualStudioVersion = 17.14.36327.8 d17.14
MinimumVisualStudioVersion = 10.0.40219.1
Project("{FAE04EC0-301F-11D3-BF4B-00C04F79EFBC}") = "BirFikrimVar.UI", "BirFikrimVar.UI\BirFikrimVar.UI.csproj", "{C76ABD80-F726-4844-80D8-1E8044DE8746}"
EndProject
Project("{FAE04EC0-301F-11D3-BF4B-00C04F79EFBC}") = "BirFikrimVar.Entity", "BirFikrimVar.Entity\BirFikrimVar.Entity.csproj", "{3C081624-53F7-4A21-81CA-718AA969C399}"
EndProject
Project("{FAE04EC0-301F-11D3-BF4B-00C04F79EFBC}") = "BirFikrimVar.DataAccess", "BirFikrimVar.DataAccess\BirFikrimVar.DataAccess.csproj", "{C9C56743-27E2-42FE-B03D-18D96908571F}"
EndProject
Project("{FAE04EC0-301F-11D3-BF4B-00C04F79EFBC}") = "BirFikrimVar.Business", "BirFikrimVar.Business\BirFikrimVar.Business.csproj", "{A4EBE0EB-DFC6-4FAE-84BC-227514A41221}"
EndProject
Global
	GlobalSection(SolutionConfigurationPlatforms) = preSolution
		Debug|Any CPU = Debug|Any CPU
		Release|Any CPU = Release|Any CPU
	EndGlobalSection
	GlobalSection(ProjectConfigurationPlatforms) = postSolution
		{C76ABD80-F726-4844-80D8-1E8044DE8746}.Debug|Any CPU.ActiveCfg = Debug|Any CPU
		{C76ABD80-F726-4844-80D8-1E8044DE8746}.Debug|Any CPU.Build.0 = Debug|Any CPU
		{C76ABD80-F726-4844-80D8-1E8044DE8746}.Release|Any CPU.ActiveCfg = Release|Any CPU
		{C76ABD80-F726-4844-80D8-1E8044DE8746}.Release|Any CPU.Build.0 = Release|Any CPU
		{3C081624-53F7-4A21-81CA-718AA969C399}.Debug|Any CPU.ActiveCfg = Debug|Any CPU
		{3C081624-53F7-4A21-81CA-718AA969C399}.Debug|Any CPU.Build.0 = Debug|Any CPU
		{3C081624-53F7-4A21-81CA-718AA969C399}.Release|Any CPU.ActiveCfg = Release|Any CPU
		{3C081624-53F7-4A21-81CA-718AA969C399}.Release|Any CPU.Build.0 = Release|Any CPU
		{C9C56743-27E2-42FE-B03D-18D96908571F}.Debug|Any CPU.ActiveCfg = Debug|Any CPU
		{C9C56743-27E2-42FE-B03D-18D96908571F}.Debug|Any CPU.Build.0 = Debug|Any CPU
		{C9C56743-27E2-42FE-B03D-18D96908571F}.Release|Any CPU.ActiveCfg = Release|Any CPU
		{C9C56743-27E2-42FE-B03D-18D96908571F}.Release|Any CPU.Build.0 = Release|Any CPU
		{A4EBE0EB-DFC6-4FAE-84BC-227514A41221}.Debug|Any CPU.ActiveCfg = Debug|Any CPU
		{A4EBE0EB-DFC6-4FAE-84BC-227514A41221}.Debug|Any CPU.Build.0 = Debug|Any CPU
		{A4EBE0EB-DFC6-4FAE-84BC-227514A41221}.Release|Any CPU.ActiveCfg = Release|Any CPU
		{A4EBE0EB-DFC6-4FAE-84BC-227514A41221}.Release|Any CPU.Build.0 = Release|Any CPU
	EndGlobalSection
	GlobalSection(SolutionProperties) = preSolution
		HideSolutionNode = FALSE
	EndGlobalSection
	GlobalSection(ExtensibilityGlobals) = postSolution
		SolutionGuid = {75B4246B-875E-49B3-A748-A24C4B43B6AD}
	EndGlobalSection
EndGlobal
